
Microsoft Visual Studio Solution File, Format Version 12.00
# Visual Studio 15
VisualStudioVersion = 15.0.34320.172
MinimumVisualStudioVersion = 10.0.40219.1
Project("{FAE04EC0-301F-11D3-BF4B-00C04F79EFBC}") = "Ch08Ex02", "Ch08Ex02\Ch08Ex02.csproj", "{FA3B09F5-F4A1-4126-8856-A3F53A9614AF}"
EndProject
Global
	GlobalSection(SolutionConfigurationPlatforms) = preSolution
		Debug|Any CPU = Debug|Any CPU
		Release|Any CPU = Release|Any CPU
	EndGlobalSection
	GlobalSection(ProjectConfigurationPlatforms) = postSolution
		{FA3B09F5-F4A1-4126-8856-A3F53A9614AF}.Debug|Any CPU.ActiveCfg = Debug|Any CPU
		{FA3B09F5-F4A1-4126-8856-A3F53A9614AF}.Debug|Any CPU.Build.0 = Debug|Any CPU
		{FA3B09F5-F4A1-4126-8856-A3F53A9614AF}.Release|Any CPU.ActiveCfg = Release|Any CPU
		{FA3B09F5-F4A1-4126-8856-A3F53A9614AF}.Release|Any CPU.Build.0 = Release|Any CPU
	EndGlobalSection
	GlobalSection(SolutionProperties) = preSolution
		HideSolutionNode = FALSE
	EndGlobalSection
	GlobalSection(ExtensibilityGlobals) = postSolution
		SolutionGuid = {82406642-94F0-4490-BF5E-025EF763229E}
	EndGlobalSection
EndGlobal
